
Microsoft Visual Studio Solution File, Format Version 12.00
# Visual Studio Version 16
VisualStudioVersion = 16.0.31702.278
MinimumVisualStudioVersion = 10.0.40219.1
Project("{FAE04EC0-301F-11D3-BF4B-00C04F79EFBC}") = "Ex3", "Ex3.csproj", "{C6A6B374-574F-4B30-B123-CEE0B54B7ECE}"
EndProject
Global
	GlobalSection(SolutionConfigurationPlatforms) = preSolution
		Debug|Any CPU = Debug|Any CPU
		Release|Any CPU = Release|Any CPU
	EndGlobalSection
	GlobalSection(ProjectConfigurationPlatforms) = postSolution
		{C6A6B374-574F-4B30-B123-CEE0B54B7ECE}.Debug|Any CPU.ActiveCfg = Debug|Any CPU
		{C6A6B374-574F-4B30-B123-CEE0B54B7ECE}.Debug|Any CPU.Build.0 = Debug|Any CPU
		{C6A6B374-574F-4B30-B123-CEE0B54B7ECE}.Release|Any CPU.ActiveCfg = Release|Any CPU
		{C6A6B374-574F-4B30-B123-CEE0B54B7ECE}.Release|Any CPU.Build.0 = Release|Any CPU
	EndGlobalSection
	GlobalSection(SolutionProperties) = preSolution
		HideSolutionNode = FALSE
	EndGlobalSection
	GlobalSection(ExtensibilityGlobals) = postSolution
		SolutionGuid = {0E425D87-20B2-4B43-ACAA-63564D261201}
	EndGlobalSection
EndGlobal
